// !$*UTF8*$!
{
	archiveVersion = 1;
	classes = {
	};
	objectVersion = 48;
	objects = {

/* Begin PBXBuildFile section */
		74D8A3204C42DD05BA5C463E /* Pods_TCC.framework in Frameworks */ = {isa = PBXBuildFile; fileRef = 4BB084F10BB0315B84309F56 /* Pods_TCC.framework */; };
		B93F61B820CDAB7B00E9D678 /* .swiftlint.yml in Resources */ = {isa = PBXBuildFile; fileRef = B93F61B720CDAB7B00E9D678 /* .swiftlint.yml */; };
		B93F61BB20CDB05600E9D678 /* Assets.generated.swift in Sources */ = {isa = PBXBuildFile; fileRef = B93F61BA20CDB05600E9D678 /* Assets.generated.swift */; };
		B93F61BF20CDD1E300E9D678 /* LoginViewController.swift in Sources */ = {isa = PBXBuildFile; fileRef = B93F61BE20CDD1E300E9D678 /* LoginViewController.swift */; };
		B93F61C120CDD2A700E9D678 /* LoginReactor.swift in Sources */ = {isa = PBXBuildFile; fileRef = B93F61C020CDD2A700E9D678 /* LoginReactor.swift */; };
		B93F61C320CDD8AA00E9D678 /* GoogleService-Info.plist in Resources */ = {isa = PBXBuildFile; fileRef = B93F61C220CDD8AA00E9D678 /* GoogleService-Info.plist */; };
		B93F61C520CE01F000E9D678 /* AppRouter.swift in Sources */ = {isa = PBXBuildFile; fileRef = B93F61C420CE01F000E9D678 /* AppRouter.swift */; };
		B9715D2320CD9CEE007C06E6 /* AppDelegate.swift in Sources */ = {isa = PBXBuildFile; fileRef = B9715D2220CD9CEE007C06E6 /* AppDelegate.swift */; };
		B9715D2520CD9CEE007C06E6 /* ViewController.swift in Sources */ = {isa = PBXBuildFile; fileRef = B9715D2420CD9CEE007C06E6 /* ViewController.swift */; };
		B9715D2A20CD9CEE007C06E6 /* Assets.xcassets in Resources */ = {isa = PBXBuildFile; fileRef = B9715D2920CD9CEE007C06E6 /* Assets.xcassets */; };
		B9715D2D20CD9CEE007C06E6 /* LaunchScreen.storyboard in Resources */ = {isa = PBXBuildFile; fileRef = B9715D2B20CD9CEE007C06E6 /* LaunchScreen.storyboard */; };
/* End PBXBuildFile section */

/* Begin PBXFileReference section */
		18964A55EC528332714F35E9 /* Pods-TCC.release.xcconfig */ = {isa = PBXFileReference; includeInIndex = 1; lastKnownFileType = text.xcconfig; name = "Pods-TCC.release.xcconfig"; path = "Pods/Target Support Files/Pods-TCC/Pods-TCC.release.xcconfig"; sourceTree = "<group>"; };
		1D2839A0BF1E54773E0E9C17 /* Pods-TCC.debug.xcconfig */ = {isa = PBXFileReference; includeInIndex = 1; lastKnownFileType = text.xcconfig; name = "Pods-TCC.debug.xcconfig"; path = "Pods/Target Support Files/Pods-TCC/Pods-TCC.debug.xcconfig"; sourceTree = "<group>"; };
		4BB084F10BB0315B84309F56 /* Pods_TCC.framework */ = {isa = PBXFileReference; explicitFileType = wrapper.framework; includeInIndex = 0; path = Pods_TCC.framework; sourceTree = BUILT_PRODUCTS_DIR; };
		B93F61B720CDAB7B00E9D678 /* .swiftlint.yml */ = {isa = PBXFileReference; fileEncoding = 4; lastKnownFileType = text; path = .swiftlint.yml; sourceTree = "<group>"; };
		B93F61BA20CDB05600E9D678 /* Assets.generated.swift */ = {isa = PBXFileReference; fileEncoding = 4; lastKnownFileType = sourcecode.swift; path = Assets.generated.swift; sourceTree = "<group>"; };
		B93F61BE20CDD1E300E9D678 /* LoginViewController.swift */ = {isa = PBXFileReference; lastKnownFileType = sourcecode.swift; path = LoginViewController.swift; sourceTree = "<group>"; };
		B93F61C020CDD2A700E9D678 /* LoginReactor.swift */ = {isa = PBXFileReference; lastKnownFileType = sourcecode.swift; path = LoginReactor.swift; sourceTree = "<group>"; };
		B93F61C220CDD8AA00E9D678 /* GoogleService-Info.plist */ = {isa = PBXFileReference; fileEncoding = 4; lastKnownFileType = text.plist.xml; path = "GoogleService-Info.plist"; sourceTree = "<group>"; };
		B93F61C420CE01F000E9D678 /* AppRouter.swift */ = {isa = PBXFileReference; lastKnownFileType = sourcecode.swift; path = AppRouter.swift; sourceTree = "<group>"; };
		B9715D1F20CD9CEE007C06E6 /* TCC.app */ = {isa = PBXFileReference; explicitFileType = wrapper.application; includeInIndex = 0; path = TCC.app; sourceTree = BUILT_PRODUCTS_DIR; };
		B9715D2220CD9CEE007C06E6 /* AppDelegate.swift */ = {isa = PBXFileReference; lastKnownFileType = sourcecode.swift; path = AppDelegate.swift; sourceTree = "<group>"; };
		B9715D2420CD9CEE007C06E6 /* ViewController.swift */ = {isa = PBXFileReference; lastKnownFileType = sourcecode.swift; path = ViewController.swift; sourceTree = "<group>"; };
		B9715D2920CD9CEE007C06E6 /* Assets.xcassets */ = {isa = PBXFileReference; lastKnownFileType = folder.assetcatalog; path = Assets.xcassets; sourceTree = "<group>"; };
		B9715D2C20CD9CEE007C06E6 /* Base */ = {isa = PBXFileReference; lastKnownFileType = file.storyboard; name = Base; path = Base.lproj/LaunchScreen.storyboard; sourceTree = "<group>"; };
		B9715D2E20CD9CEE007C06E6 /* Info.plist */ = {isa = PBXFileReference; lastKnownFileType = text.plist.xml; path = Info.plist; sourceTree = "<group>"; };
/* End PBXFileReference section */

/* Begin PBXFrameworksBuildPhase section */
		B9715D1C20CD9CEE007C06E6 /* Frameworks */ = {
			isa = PBXFrameworksBuildPhase;
			buildActionMask = 2147483647;
			files = (
				74D8A3204C42DD05BA5C463E /* Pods_TCC.framework in Frameworks */,
			);
			runOnlyForDeploymentPostprocessing = 0;
		};
/* End PBXFrameworksBuildPhase section */

/* Begin PBXGroup section */
		4D933C33753E241BDE99D5A7 /* Pods */ = {
			isa = PBXGroup;
			children = (
				1D2839A0BF1E54773E0E9C17 /* Pods-TCC.debug.xcconfig */,
				18964A55EC528332714F35E9 /* Pods-TCC.release.xcconfig */,
			);
			name = Pods;
			sourceTree = "<group>";
		};
		B93F61B920CDAC4B00E9D678 /* Generated */ = {
			isa = PBXGroup;
			children = (
				B93F61BA20CDB05600E9D678 /* Assets.generated.swift */,
			);
			path = Generated;
			sourceTree = "<group>";
		};
		B93F61BD20CDD1B900E9D678 /* Login */ = {
			isa = PBXGroup;
			children = (
				B93F61BE20CDD1E300E9D678 /* LoginViewController.swift */,
				B93F61C020CDD2A700E9D678 /* LoginReactor.swift */,
			);
			path = Login;
			sourceTree = "<group>";
		};
		B9715D1620CD9CEE007C06E6 = {
			isa = PBXGroup;
			children = (
				B9715D2120CD9CEE007C06E6 /* Sources */,
				B9715D2020CD9CEE007C06E6 /* Products */,
				4D933C33753E241BDE99D5A7 /* Pods */,
				EE18A70069FC3C41D77CFEA5 /* Frameworks */,
				B93F61B720CDAB7B00E9D678 /* .swiftlint.yml */,
			);
			sourceTree = "<group>";
		};
		B9715D2020CD9CEE007C06E6 /* Products */ = {
			isa = PBXGroup;
			children = (
				B9715D1F20CD9CEE007C06E6 /* TCC.app */,
			);
			name = Products;
			sourceTree = "<group>";
		};
		B9715D2120CD9CEE007C06E6 /* Sources */ = {
			isa = PBXGroup;
			children = (
				B9715D3420CD9E93007C06E6 /* Application */,
				B9715D3720CD9EC3007C06E6 /* Resources */,
				B9715D3620CD9EA8007C06E6 /* Features */,
				B9715D3520CD9E9E007C06E6 /* Components */,
			);
			path = Sources;
			sourceTree = "<group>";
		};
		B9715D3420CD9E93007C06E6 /* Application */ = {
			isa = PBXGroup;
			children = (
				B9715D2220CD9CEE007C06E6 /* AppDelegate.swift */,
				B93F61C420CE01F000E9D678 /* AppRouter.swift */,
				B9715D2E20CD9CEE007C06E6 /* Info.plist */,
				B93F61C220CDD8AA00E9D678 /* GoogleService-Info.plist */,
			);
			path = Application;
			sourceTree = "<group>";
		};
		B9715D3520CD9E9E007C06E6 /* Components */ = {
			isa = PBXGroup;
			children = (
				B9715D3820CD9EDE007C06E6 /* Atoms */,
				B9715D3920CD9EE7007C06E6 /* Molecules */,
				B9715D3A20CD9F16007C06E6 /* Organisms */,
			);
			path = Components;
			sourceTree = "<group>";
		};
		B9715D3620CD9EA8007C06E6 /* Features */ = {
			isa = PBXGroup;
			children = (
				B93F61BD20CDD1B900E9D678 /* Login */,
			);
			path = Features;
			sourceTree = "<group>";
		};
		B9715D3720CD9EC3007C06E6 /* Resources */ = {
			isa = PBXGroup;
			children = (
				B9715D2B20CD9CEE007C06E6 /* LaunchScreen.storyboard */,
				B9715D2920CD9CEE007C06E6 /* Assets.xcassets */,
				B93F61B920CDAC4B00E9D678 /* Generated */,
			);
			path = Resources;
			sourceTree = "<group>";
		};
		B9715D3820CD9EDE007C06E6 /* Atoms */ = {
			isa = PBXGroup;
			children = (
			);
			path = Atoms;
			sourceTree = "<group>";
		};
		B9715D3920CD9EE7007C06E6 /* Molecules */ = {
			isa = PBXGroup;
			children = (
				B9715D2420CD9CEE007C06E6 /* ViewController.swift */,
			);
			path = Molecules;
			sourceTree = "<group>";
		};
		B9715D3A20CD9F16007C06E6 /* Organisms */ = {
			isa = PBXGroup;
			children = (
			);
			path = Organisms;
			sourceTree = "<group>";
		};
		EE18A70069FC3C41D77CFEA5 /* Frameworks */ = {
			isa = PBXGroup;
			children = (
				4BB084F10BB0315B84309F56 /* Pods_TCC.framework */,
			);
			name = Frameworks;
			sourceTree = "<group>";
		};
/* End PBXGroup section */

/* Begin PBXNativeTarget section */
		B9715D1E20CD9CEE007C06E6 /* TCC */ = {
			isa = PBXNativeTarget;
			buildConfigurationList = B9715D3120CD9CEE007C06E6 /* Build configuration list for PBXNativeTarget "TCC" */;
			buildPhases = (
				095834FAC3E0745385712E20 /* [CP] Check Pods Manifest.lock */,
				B93F61BC20CDB9FE00E9D678 /* SwiftGen */,
				B9715D1B20CD9CEE007C06E6 /* Sources */,
				B93F61B520CDA54400E9D678 /* SwiftLint */,
				B9715D1C20CD9CEE007C06E6 /* Frameworks */,
				B9715D1D20CD9CEE007C06E6 /* Resources */,
				7E1A516AD1335D43E0646708 /* [CP] Embed Pods Frameworks */,
			);
			buildRules = (
			);
			dependencies = (
			);
			name = TCC;
			productName = TCC;
			productReference = B9715D1F20CD9CEE007C06E6 /* TCC.app */;
			productType = "com.apple.product-type.application";
		};
/* End PBXNativeTarget section */

/* Begin PBXProject section */
		B9715D1720CD9CEE007C06E6 /* Project object */ = {
			isa = PBXProject;
			attributes = {
				LastSwiftUpdateCheck = 0920;
				LastUpgradeCheck = 0920;
				ORGANIZATIONNAME = "Adriano Soares";
				TargetAttributes = {
					B9715D1E20CD9CEE007C06E6 = {
						CreatedOnToolsVersion = 9.2;
						ProvisioningStyle = Automatic;
					};
				};
			};
			buildConfigurationList = B9715D1A20CD9CEE007C06E6 /* Build configuration list for PBXProject "TCC" */;
			compatibilityVersion = "Xcode 8.0";
			developmentRegion = en;
			hasScannedForEncodings = 0;
			knownRegions = (
				en,
				Base,
			);
			mainGroup = B9715D1620CD9CEE007C06E6;
			productRefGroup = B9715D2020CD9CEE007C06E6 /* Products */;
			projectDirPath = "";
			projectRoot = "";
			targets = (
				B9715D1E20CD9CEE007C06E6 /* TCC */,
			);
		};
/* End PBXProject section */

/* Begin PBXResourcesBuildPhase section */
		B9715D1D20CD9CEE007C06E6 /* Resources */ = {
			isa = PBXResourcesBuildPhase;
			buildActionMask = 2147483647;
			files = (
				B93F61B820CDAB7B00E9D678 /* .swiftlint.yml in Resources */,
				B93F61C320CDD8AA00E9D678 /* GoogleService-Info.plist in Resources */,
				B9715D2D20CD9CEE007C06E6 /* LaunchScreen.storyboard in Resources */,
				B9715D2A20CD9CEE007C06E6 /* Assets.xcassets in Resources */,
			);
			runOnlyForDeploymentPostprocessing = 0;
		};
/* End PBXResourcesBuildPhase section */

/* Begin PBXShellScriptBuildPhase section */
		095834FAC3E0745385712E20 /* [CP] Check Pods Manifest.lock */ = {
			isa = PBXShellScriptBuildPhase;
			buildActionMask = 2147483647;
			files = (
			);
			inputPaths = (
				"${PODS_PODFILE_DIR_PATH}/Podfile.lock",
				"${PODS_ROOT}/Manifest.lock",
			);
			name = "[CP] Check Pods Manifest.lock";
			outputPaths = (
				"$(DERIVED_FILE_DIR)/Pods-TCC-checkManifestLockResult.txt",
			);
			runOnlyForDeploymentPostprocessing = 0;
			shellPath = /bin/sh;
			shellScript = "diff \"${PODS_PODFILE_DIR_PATH}/Podfile.lock\" \"${PODS_ROOT}/Manifest.lock\" > /dev/null\nif [ $? != 0 ] ; then\n    # print error to STDERR\n    echo \"error: The sandbox is not in sync with the Podfile.lock. Run 'pod install' or update your CocoaPods installation.\" >&2\n    exit 1\nfi\n# This output is used by Xcode 'outputs' to avoid re-running this script phase.\necho \"SUCCESS\" > \"${SCRIPT_OUTPUT_FILE_0}\"\n";
			showEnvVarsInLog = 0;
		};
		7E1A516AD1335D43E0646708 /* [CP] Embed Pods Frameworks */ = {
			isa = PBXShellScriptBuildPhase;
			buildActionMask = 2147483647;
			files = (
			);
			inputPaths = (
				"${SRCROOT}/Pods/Target Support Files/Pods-TCC/Pods-TCC-frameworks.sh",
				"${BUILT_PRODUCTS_DIR}/GTMSessionFetcher/GTMSessionFetcher.framework",
				"${BUILT_PRODUCTS_DIR}/GoogleToolboxForMac/GoogleToolboxForMac.framework",
				"${BUILT_PRODUCTS_DIR}/ReactorKit/ReactorKit.framework",
				"${BUILT_PRODUCTS_DIR}/RxSwift/RxSwift.framework",
				"${BUILT_PRODUCTS_DIR}/nanopb/nanopb.framework",
			);
			name = "[CP] Embed Pods Frameworks";
			outputPaths = (
				"${TARGET_BUILD_DIR}/${FRAMEWORKS_FOLDER_PATH}/GTMSessionFetcher.framework",
				"${TARGET_BUILD_DIR}/${FRAMEWORKS_FOLDER_PATH}/GoogleToolboxForMac.framework",
				"${TARGET_BUILD_DIR}/${FRAMEWORKS_FOLDER_PATH}/ReactorKit.framework",
				"${TARGET_BUILD_DIR}/${FRAMEWORKS_FOLDER_PATH}/RxSwift.framework",
				"${TARGET_BUILD_DIR}/${FRAMEWORKS_FOLDER_PATH}/nanopb.framework",
			);
			runOnlyForDeploymentPostprocessing = 0;
			shellPath = /bin/sh;
			shellScript = "\"${SRCROOT}/Pods/Target Support Files/Pods-TCC/Pods-TCC-frameworks.sh\"\n";
			showEnvVarsInLog = 0;
		};
		B93F61B520CDA54400E9D678 /* SwiftLint */ = {
			isa = PBXShellScriptBuildPhase;
			buildActionMask = 2147483647;
			files = (
			);
			inputPaths = (
			);
			name = SwiftLint;
			outputPaths = (
			);
			runOnlyForDeploymentPostprocessing = 0;
			shellPath = /bin/sh;
			shellScript = "${PODS_ROOT}/SwiftLint/swiftlint";
		};
		B93F61BC20CDB9FE00E9D678 /* SwiftGen */ = {
			isa = PBXShellScriptBuildPhase;
			buildActionMask = 2147483647;
			files = (
			);
			inputPaths = (
			);
			name = SwiftGen;
			outputPaths = (
			);
			runOnlyForDeploymentPostprocessing = 0;
			shellPath = /bin/sh;
			shellScript = $PODS_ROOT/SwiftGen/bin/swiftgen;
		};
/* End PBXShellScriptBuildPhase section */

/* Begin PBXSourcesBuildPhase section */
		B9715D1B20CD9CEE007C06E6 /* Sources */ = {
			isa = PBXSourcesBuildPhase;
			buildActionMask = 2147483647;
			files = (
				B93F61C120CDD2A700E9D678 /* LoginReactor.swift in Sources */,
				B93F61BF20CDD1E300E9D678 /* LoginViewController.swift in Sources */,
				B93F61C520CE01F000E9D678 /* AppRouter.swift in Sources */,
				B9715D2520CD9CEE007C06E6 /* ViewController.swift in Sources */,
				B9715D2320CD9CEE007C06E6 /* AppDelegate.swift in Sources */,
				B93F61BB20CDB05600E9D678 /* Assets.generated.swift in Sources */,
			);
			runOnlyForDeploymentPostprocessing = 0;
		};
/* End PBXSourcesBuildPhase section */

/* Begin PBXVariantGroup section */
		B9715D2B20CD9CEE007C06E6 /* LaunchScreen.storyboard */ = {
			isa = PBXVariantGroup;
			children = (
				B9715D2C20CD9CEE007C06E6 /* Base */,
			);
			name = LaunchScreen.storyboard;
			sourceTree = "<group>";
		};
/* End PBXVariantGroup section */

/* Begin XCBuildConfiguration section */
		B9715D2F20CD9CEE007C06E6 /* Debug */ = {
			isa = XCBuildConfiguration;
			buildSettings = {
				ALWAYS_SEARCH_USER_PATHS = NO;
				CLANG_ANALYZER_NONNULL = YES;
				CLANG_ANALYZER_NUMBER_OBJECT_CONVERSION = YES_AGGRESSIVE;
				CLANG_CXX_LANGUAGE_STANDARD = "gnu++14";
				CLANG_CXX_LIBRARY = "libc++";
				CLANG_ENABLE_MODULES = YES;
				CLANG_ENABLE_OBJC_ARC = YES;
				CLANG_WARN_BLOCK_CAPTURE_AUTORELEASING = YES;
				CLANG_WARN_BOOL_CONVERSION = YES;
				CLANG_WARN_COMMA = YES;
				CLANG_WARN_CONSTANT_CONVERSION = YES;
				CLANG_WARN_DIRECT_OBJC_ISA_USAGE = YES_ERROR;
				CLANG_WARN_DOCUMENTATION_COMMENTS = YES;
				CLANG_WARN_EMPTY_BODY = YES;
				CLANG_WARN_ENUM_CONVERSION = YES;
				CLANG_WARN_INFINITE_RECURSION = YES;
				CLANG_WARN_INT_CONVERSION = YES;
				CLANG_WARN_NON_LITERAL_NULL_CONVERSION = YES;
				CLANG_WARN_OBJC_LITERAL_CONVERSION = YES;
				CLANG_WARN_OBJC_ROOT_CLASS = YES_ERROR;
				CLANG_WARN_RANGE_LOOP_ANALYSIS = YES;
				CLANG_WARN_STRICT_PROTOTYPES = YES;
				CLANG_WARN_SUSPICIOUS_MOVE = YES;
				CLANG_WARN_UNGUARDED_AVAILABILITY = YES_AGGRESSIVE;
				CLANG_WARN_UNREACHABLE_CODE = YES;
				CLANG_WARN__DUPLICATE_METHOD_MATCH = YES;
				CODE_SIGN_IDENTITY = "iPhone Developer";
				COPY_PHASE_STRIP = NO;
				DEBUG_INFORMATION_FORMAT = dwarf;
				ENABLE_STRICT_OBJC_MSGSEND = YES;
				ENABLE_TESTABILITY = YES;
				GCC_C_LANGUAGE_STANDARD = gnu11;
				GCC_DYNAMIC_NO_PIC = NO;
				GCC_NO_COMMON_BLOCKS = YES;
				GCC_OPTIMIZATION_LEVEL = 0;
				GCC_PREPROCESSOR_DEFINITIONS = (
					"DEBUG=1",
					"$(inherited)",
				);
				GCC_WARN_64_TO_32_BIT_CONVERSION = YES;
				GCC_WARN_ABOUT_RETURN_TYPE = YES_ERROR;
				GCC_WARN_UNDECLARED_SELECTOR = YES;
				GCC_WARN_UNINITIALIZED_AUTOS = YES_AGGRESSIVE;
				GCC_WARN_UNUSED_FUNCTION = YES;
				GCC_WARN_UNUSED_VARIABLE = YES;
				IPHONEOS_DEPLOYMENT_TARGET = 11.2;
				MTL_ENABLE_DEBUG_INFO = YES;
				ONLY_ACTIVE_ARCH = YES;
				SDKROOT = iphoneos;
				SWIFT_ACTIVE_COMPILATION_CONDITIONS = DEBUG;
				SWIFT_OPTIMIZATION_LEVEL = "-Onone";
			};
			name = Debug;
		};
		B9715D3020CD9CEE007C06E6 /* Release */ = {
			isa = XCBuildConfiguration;
			buildSettings = {
				ALWAYS_SEARCH_USER_PATHS = NO;
				CLANG_ANALYZER_NONNULL = YES;
				CLANG_ANALYZER_NUMBER_OBJECT_CONVERSION = YES_AGGRESSIVE;
				CLANG_CXX_LANGUAGE_STANDARD = "gnu++14";
				CLANG_CXX_LIBRARY = "libc++";
				CLANG_ENABLE_MODULES = YES;
				CLANG_ENABLE_OBJC_ARC = YES;
				CLANG_WARN_BLOCK_CAPTURE_AUTORELEASING = YES;
				CLANG_WARN_BOOL_CONVERSION = YES;
				CLANG_WARN_COMMA = YES;
				CLANG_WARN_CONSTANT_CONVERSION = YES;
				CLANG_WARN_DIRECT_OBJC_ISA_USAGE = YES_ERROR;
				CLANG_WARN_DOCUMENTATION_COMMENTS = YES;
				CLANG_WARN_EMPTY_BODY = YES;
				CLANG_WARN_ENUM_CONVERSION = YES;
				CLANG_WARN_INFINITE_RECURSION = YES;
				CLANG_WARN_INT_CONVERSION = YES;
				CLANG_WARN_NON_LITERAL_NULL_CONVERSION = YES;
				CLANG_WARN_OBJC_LITERAL_CONVERSION = YES;
				CLANG_WARN_OBJC_ROOT_CLASS = YES_ERROR;
				CLANG_WARN_RANGE_LOOP_ANALYSIS = YES;
				CLANG_WARN_STRICT_PROTOTYPES = YES;
				CLANG_WARN_SUSPICIOUS_MOVE = YES;
				CLANG_WARN_UNGUARDED_AVAILABILITY = YES_AGGRESSIVE;
				CLANG_WARN_UNREACHABLE_CODE = YES;
				CLANG_WARN__DUPLICATE_METHOD_MATCH = YES;
				CODE_SIGN_IDENTITY = "iPhone Developer";
				COPY_PHASE_STRIP = NO;
				DEBUG_INFORMATION_FORMAT = "dwarf-with-dsym";
				ENABLE_NS_ASSERTIONS = NO;
				ENABLE_STRICT_OBJC_MSGSEND = YES;
				GCC_C_LANGUAGE_STANDARD = gnu11;
				GCC_NO_COMMON_BLOCKS = YES;
				GCC_WARN_64_TO_32_BIT_CONVERSION = YES;
				GCC_WARN_ABOUT_RETURN_TYPE = YES_ERROR;
				GCC_WARN_UNDECLARED_SELECTOR = YES;
				GCC_WARN_UNINITIALIZED_AUTOS = YES_AGGRESSIVE;
				GCC_WARN_UNUSED_FUNCTION = YES;
				GCC_WARN_UNUSED_VARIABLE = YES;
				IPHONEOS_DEPLOYMENT_TARGET = 11.2;
				MTL_ENABLE_DEBUG_INFO = NO;
				SDKROOT = iphoneos;
				SWIFT_OPTIMIZATION_LEVEL = "-Owholemodule";
				VALIDATE_PRODUCT = YES;
			};
			name = Release;
		};
		B9715D3220CD9CEE007C06E6 /* Debug */ = {
			isa = XCBuildConfiguration;
			baseConfigurationReference = 1D2839A0BF1E54773E0E9C17 /* Pods-TCC.debug.xcconfig */;
			buildSettings = {
				ASSETCATALOG_COMPILER_APPICON_NAME = AppIcon;
				CODE_SIGN_STYLE = Automatic;
				DEVELOPMENT_TEAM = M7SM6673Q8;
				INFOPLIST_FILE = "$(SRCROOT)/Sources/Application/Info.plist";
				LD_RUNPATH_SEARCH_PATHS = "$(inherited) @executable_path/Frameworks";
				PRODUCT_BUNDLE_IDENTIFIER = com.agsoares.TCC;
				PRODUCT_NAME = "$(TARGET_NAME)";
				SWIFT_VERSION = 4.0;
				TARGETED_DEVICE_FAMILY = "1,2";
			};
			name = Debug;
		};
		B9715D3320CD9CEE007C06E6 /* Release */ = {
			isa = XCBuildConfiguration;
			baseConfigurationReference = 18964A55EC528332714F35E9 /* Pods-TCC.release.xcconfig */;
			buildSettings = {
				ASSETCATALOG_COMPILER_APPICON_NAME = AppIcon;
				CODE_SIGN_STYLE = Automatic;
				DEVELOPMENT_TEAM = M7SM6673Q8;
				INFOPLIST_FILE = "$(SRCROOT)/Sources/Application/Info.plist";
				LD_RUNPATH_SEARCH_PATHS = "$(inherited) @executable_path/Frameworks";
				PRODUCT_BUNDLE_IDENTIFIER = com.agsoares.TCC;
				PRODUCT_NAME = "$(TARGET_NAME)";
				SWIFT_VERSION = 4.0;
				TARGETED_DEVICE_FAMILY = "1,2";
			};
			name = Release;
		};
/* End XCBuildConfiguration section */

/* Begin XCConfigurationList section */
		B9715D1A20CD9CEE007C06E6 /* Build configuration list for PBXProject "TCC" */ = {
			isa = XCConfigurationList;
			buildConfigurations = (
				B9715D2F20CD9CEE007C06E6 /* Debug */,
				B9715D3020CD9CEE007C06E6 /* Release */,
			);
			defaultConfigurationIsVisible = 0;
			defaultConfigurationName = Release;
		};
		B9715D3120CD9CEE007C06E6 /* Build configuration list for PBXNativeTarget "TCC" */ = {
			isa = XCConfigurationList;
			buildConfigurations = (
				B9715D3220CD9CEE007C06E6 /* Debug */,
				B9715D3320CD9CEE007C06E6 /* Release */,
			);
			defaultConfigurationIsVisible = 0;
			defaultConfigurationName = Release;
		};
/* End XCConfigurationList section */
	};
	rootObject = B9715D1720CD9CEE007C06E6 /* Project object */;
}
